
Microsoft Visual Studio Solution File, Format Version 12.00
# Visual Studio 15
VisualStudioVersion = 15.0.27130.2024
MinimumVisualStudioVersion = 10.0.40219.1
Project("{FAE04EC0-301F-11D3-BF4B-00C04F79EFBC}") = "pxs163930Asg4", "pxs163930Asg4\pxs163930Asg4.csproj", "{CBC2AA92-788A-4ABB-B57B-0CD3075E847F}"
EndProject
Global
	GlobalSection(SolutionConfigurationPlatforms) = preSolution
		Debug|Any CPU = Debug|Any CPU
		Release|Any CPU = Release|Any CPU
	EndGlobalSection
	GlobalSection(ProjectConfigurationPlatforms) = postSolution
		{CBC2AA92-788A-4ABB-B57B-0CD3075E847F}.Debug|Any CPU.ActiveCfg = Debug|Any CPU
		{CBC2AA92-788A-4ABB-B57B-0CD3075E847F}.Debug|Any CPU.Build.0 = Debug|Any CPU
		{CBC2AA92-788A-4ABB-B57B-0CD3075E847F}.Release|Any CPU.ActiveCfg = Release|Any CPU
		{CBC2AA92-788A-4ABB-B57B-0CD3075E847F}.Release|Any CPU.Build.0 = Release|Any CPU
	EndGlobalSection
	GlobalSection(SolutionProperties) = preSolution
		HideSolutionNode = FALSE
	EndGlobalSection
	GlobalSection(ExtensibilityGlobals) = postSolution
		SolutionGuid = {5D473354-844C-49BC-9FFB-E92AA1A3367F}
	EndGlobalSection
EndGlobal
